
Microsoft Visual Studio Solution File, Format Version 12.00
# Visual Studio 2012
Project("{8BC9CEB8-8B4A-11D0-8D11-00A0C91BC942}") = "NumLock", "NumLock\NumLock.vcxproj", "{C89B7392-9906-4946-B288-553461C998A5}"
EndProject
Project("{FAE04EC0-301F-11D3-BF4B-00C04F79EFBC}") = "NumLockSharp", "NumLockSharp\NumLockSharp.csproj", "{5C907BF2-B080-4F3D-A169-444F2314BCA0}"
EndProject
Global
	GlobalSection(SolutionConfigurationPlatforms) = preSolution
		Debug|Any CPU = Debug|Any CPU
		Debug|Mixed Platforms = Debug|Mixed Platforms
		Debug|Win32 = Debug|Win32
		Release|Any CPU = Release|Any CPU
		Release|Mixed Platforms = Release|Mixed Platforms
		Release|Win32 = Release|Win32
	EndGlobalSection
	GlobalSection(ProjectConfigurationPlatforms) = postSolution
		{C89B7392-9906-4946-B288-553461C998A5}.Debug|Any CPU.ActiveCfg = Debug|Win32
		{C89B7392-9906-4946-B288-553461C998A5}.Debug|Mixed Platforms.ActiveCfg = Debug|Win32
		{C89B7392-9906-4946-B288-553461C998A5}.Debug|Mixed Platforms.Build.0 = Debug|Win32
		{C89B7392-9906-4946-B288-553461C998A5}.Debug|Win32.ActiveCfg = Debug|Win32
		{C89B7392-9906-4946-B288-553461C998A5}.Debug|Win32.Build.0 = Debug|Win32
		{C89B7392-9906-4946-B288-553461C998A5}.Release|Any CPU.ActiveCfg = Release|Win32
		{C89B7392-9906-4946-B288-553461C998A5}.Release|Mixed Platforms.ActiveCfg = Release|Win32
		{C89B7392-9906-4946-B288-553461C998A5}.Release|Mixed Platforms.Build.0 = Release|Win32
		{C89B7392-9906-4946-B288-553461C998A5}.Release|Win32.ActiveCfg = Release|Win32
		{C89B7392-9906-4946-B288-553461C998A5}.Release|Win32.Build.0 = Release|Win32
		{5C907BF2-B080-4F3D-A169-444F2314BCA0}.Debug|Any CPU.ActiveCfg = Debug|Any CPU
		{5C907BF2-B080-4F3D-A169-444F2314BCA0}.Debug|Any CPU.Build.0 = Debug|Any CPU
		{5C907BF2-B080-4F3D-A169-444F2314BCA0}.Debug|Mixed Platforms.ActiveCfg = Debug|Any CPU
		{5C907BF2-B080-4F3D-A169-444F2314BCA0}.Debug|Mixed Platforms.Build.0 = Debug|Any CPU
		{5C907BF2-B080-4F3D-A169-444F2314BCA0}.Debug|Win32.ActiveCfg = Debug|Any CPU
		{5C907BF2-B080-4F3D-A169-444F2314BCA0}.Release|Any CPU.ActiveCfg = Release|Any CPU
		{5C907BF2-B080-4F3D-A169-444F2314BCA0}.Release|Any CPU.Build.0 = Release|Any CPU
		{5C907BF2-B080-4F3D-A169-444F2314BCA0}.Release|Mixed Platforms.ActiveCfg = Release|Any CPU
		{5C907BF2-B080-4F3D-A169-444F2314BCA0}.Release|Mixed Platforms.Build.0 = Release|Any CPU
		{5C907BF2-B080-4F3D-A169-444F2314BCA0}.Release|Win32.ActiveCfg = Release|Any CPU
	EndGlobalSection
	GlobalSection(SolutionProperties) = preSolution
		HideSolutionNode = FALSE
	EndGlobalSection
EndGlobal
